
Microsoft Visual Studio Solution File, Format Version 12.00
# Visual Studio Version 17
VisualStudioVersion = 17.14.36327.8 d17.14
MinimumVisualStudioVersion = 10.0.40219.1
Project("{FAE04EC0-301F-11D3-BF4B-00C04F79EFBC}") = "TallerdeCisharp", "TallerdeCisharp\TallerdeCisharp.csproj", "{AAB8A41B-245A-45A9-B1BC-1E266BC88E7D}"
EndProject
Global
	GlobalSection(SolutionConfigurationPlatforms) = preSolution
		Debug|Any CPU = Debug|Any CPU
		Release|Any CPU = Release|Any CPU
	EndGlobalSection
	GlobalSection(ProjectConfigurationPlatforms) = postSolution
		{AAB8A41B-245A-45A9-B1BC-1E266BC88E7D}.Debug|Any CPU.ActiveCfg = Debug|Any CPU
		{AAB8A41B-245A-45A9-B1BC-1E266BC88E7D}.Debug|Any CPU.Build.0 = Debug|Any CPU
		{AAB8A41B-245A-45A9-B1BC-1E266BC88E7D}.Release|Any CPU.ActiveCfg = Release|Any CPU
		{AAB8A41B-245A-45A9-B1BC-1E266BC88E7D}.Release|Any CPU.Build.0 = Release|Any CPU
	EndGlobalSection
	GlobalSection(SolutionProperties) = preSolution
		HideSolutionNode = FALSE
	EndGlobalSection
	GlobalSection(ExtensibilityGlobals) = postSolution
		SolutionGuid = {B7DDDE0A-4A69-426F-B1DF-A70DEA905E84}
	EndGlobalSection
EndGlobal
